
Microsoft Visual Studio Solution File, Format Version 12.00
# Visual Studio Version 16
VisualStudioVersion = 16.0.32413.511
MinimumVisualStudioVersion = 10.0.40219.1
Project("{FAE04EC0-301F-11D3-BF4B-00C04F79EFBC}") = "SalesWebMvc", "SalesWebMvc\SalesWebMvc.csproj", "{578A043F-B094-4D39-92BC-450B66B1CE64}"
EndProject
Global
	GlobalSection(SolutionConfigurationPlatforms) = preSolution
		Debug|Any CPU = Debug|Any CPU
		Release|Any CPU = Release|Any CPU
	EndGlobalSection
	GlobalSection(ProjectConfigurationPlatforms) = postSolution
		{578A043F-B094-4D39-92BC-450B66B1CE64}.Debug|Any CPU.ActiveCfg = Debug|Any CPU
		{578A043F-B094-4D39-92BC-450B66B1CE64}.Debug|Any CPU.Build.0 = Debug|Any CPU
		{578A043F-B094-4D39-92BC-450B66B1CE64}.Release|Any CPU.ActiveCfg = Release|Any CPU
		{578A043F-B094-4D39-92BC-450B66B1CE64}.Release|Any CPU.Build.0 = Release|Any CPU
	EndGlobalSection
	GlobalSection(SolutionProperties) = preSolution
		HideSolutionNode = FALSE
	EndGlobalSection
	GlobalSection(ExtensibilityGlobals) = postSolution
		SolutionGuid = {66A4E899-847E-47EE-997F-8F0C804E0B3F}
	EndGlobalSection
EndGlobal
